// !$*UTF8*$!
{
	archiveVersion = 1;
	classes = {
	};
	objectVersion = 46;
	objects = {

/* Begin PBXBuildFile section */
		5D14A69B198142430072CEE9 /* main.m in Sources */ = {isa = PBXBuildFile; fileRef = 5D14A69A198142430072CEE9 /* main.m */; };
		5D14A69E198142430072CEE9 /* AppDelegate.m in Sources */ = {isa = PBXBuildFile; fileRef = 5D14A69D198142430072CEE9 /* AppDelegate.m */; };
		5D14A6A1198142430072CEE9 /* ViewController.m in Sources */ = {isa = PBXBuildFile; fileRef = 5D14A6A0198142430072CEE9 /* ViewController.m */; };
		5D14A6A4198142430072CEE9 /* Main.storyboard in Resources */ = {isa = PBXBuildFile; fileRef = 5D14A6A2198142430072CEE9 /* Main.storyboard */; };
		5D14A6A6198142430072CEE9 /* Images.xcassets in Resources */ = {isa = PBXBuildFile; fileRef = 5D14A6A5198142430072CEE9 /* Images.xcassets */; };
		5D14A6BD198142750072CEE9 /* CustomShapeView.m in Sources */ = {isa = PBXBuildFile; fileRef = 5D14A6BC198142750072CEE9 /* CustomShapeView.m */; };
		5D14A6C0198142830072CEE9 /* CustomShapeLayer.m in Sources */ = {isa = PBXBuildFile; fileRef = 5D14A6BF198142830072CEE9 /* CustomShapeLayer.m */; };
/* End PBXBuildFile section */

/* Begin PBXFileReference section */
		5D14A695198142430072CEE9 /* ShapeLayerPathAnimation.app */ = {isa = PBXFileReference; explicitFileType = wrapper.application; includeInIndex = 0; path = ShapeLayerPathAnimation.app; sourceTree = BUILT_PRODUCTS_DIR; };
		5D14A699198142430072CEE9 /* Info.plist */ = {isa = PBXFileReference; lastKnownFileType = text.plist.xml; path = Info.plist; sourceTree = "<group>"; };
		5D14A69A198142430072CEE9 /* main.m */ = {isa = PBXFileReference; lastKnownFileType = sourcecode.c.objc; path = main.m; sourceTree = "<group>"; };
		5D14A69C198142430072CEE9 /* AppDelegate.h */ = {isa = PBXFileReference; lastKnownFileType = sourcecode.c.h; path = AppDelegate.h; sourceTree = "<group>"; };
		5D14A69D198142430072CEE9 /* AppDelegate.m */ = {isa = PBXFileReference; lastKnownFileType = sourcecode.c.objc; path = AppDelegate.m; sourceTree = "<group>"; };
		5D14A69F198142430072CEE9 /* ViewController.h */ = {isa = PBXFileReference; lastKnownFileType = sourcecode.c.h; path = ViewController.h; sourceTree = "<group>"; };
		5D14A6A0198142430072CEE9 /* ViewController.m */ = {isa = PBXFileReference; lastKnownFileType = sourcecode.c.objc; path = ViewController.m; sourceTree = "<group>"; };
		5D14A6A3198142430072CEE9 /* Base */ = {isa = PBXFileReference; lastKnownFileType = file.storyboard; name = Base; path = Base.lproj/Main.storyboard; sourceTree = "<group>"; };
		5D14A6A5198142430072CEE9 /* Images.xcassets */ = {isa = PBXFileReference; lastKnownFileType = folder.assetcatalog; path = Images.xcassets; sourceTree = "<group>"; };
		5D14A6BB198142750072CEE9 /* CustomShapeView.h */ = {isa = PBXFileReference; fileEncoding = 4; lastKnownFileType = sourcecode.c.h; path = CustomShapeView.h; sourceTree = "<group>"; };
		5D14A6BC198142750072CEE9 /* CustomShapeView.m */ = {isa = PBXFileReference; fileEncoding = 4; lastKnownFileType = sourcecode.c.objc; path = CustomShapeView.m; sourceTree = "<group>"; };
		5D14A6BE198142830072CEE9 /* CustomShapeLayer.h */ = {isa = PBXFileReference; fileEncoding = 4; lastKnownFileType = sourcecode.c.h; path = CustomShapeLayer.h; sourceTree = "<group>"; };
		5D14A6BF198142830072CEE9 /* CustomShapeLayer.m */ = {isa = PBXFileReference; fileEncoding = 4; lastKnownFileType = sourcecode.c.objc; path = CustomShapeLayer.m; sourceTree = "<group>"; };
/* End PBXFileReference section */

/* Begin PBXFrameworksBuildPhase section */
		5D14A692198142430072CEE9 /* Frameworks */ = {
			isa = PBXFrameworksBuildPhase;
			buildActionMask = 2147483647;
			files = (
			);
			runOnlyForDeploymentPostprocessing = 0;
		};
/* End PBXFrameworksBuildPhase section */

/* Begin PBXGroup section */
		5D14A68C198142430072CEE9 = {
			isa = PBXGroup;
			children = (
				5D14A697198142430072CEE9 /* ShapeLayerPathAnimation */,
				5D14A696198142430072CEE9 /* Products */,
			);
			sourceTree = "<group>";
		};
		5D14A696198142430072CEE9 /* Products */ = {
			isa = PBXGroup;
			children = (
				5D14A695198142430072CEE9 /* ShapeLayerPathAnimation.app */,
			);
			name = Products;
			sourceTree = "<group>";
		};
		5D14A697198142430072CEE9 /* ShapeLayerPathAnimation */ = {
			isa = PBXGroup;
			children = (
				5D14A69C198142430072CEE9 /* AppDelegate.h */,
				5D14A69D198142430072CEE9 /* AppDelegate.m */,
				5D14A69F198142430072CEE9 /* ViewController.h */,
				5D14A6A0198142430072CEE9 /* ViewController.m */,
				5D14A6BB198142750072CEE9 /* CustomShapeView.h */,
				5D14A6BC198142750072CEE9 /* CustomShapeView.m */,
				5D14A6BE198142830072CEE9 /* CustomShapeLayer.h */,
				5D14A6BF198142830072CEE9 /* CustomShapeLayer.m */,
				5D14A6A2198142430072CEE9 /* Main.storyboard */,
				5D14A6A5198142430072CEE9 /* Images.xcassets */,
				5D14A698198142430072CEE9 /* Supporting Files */,
			);
			path = ShapeLayerPathAnimation;
			sourceTree = "<group>";
		};
		5D14A698198142430072CEE9 /* Supporting Files */ = {
			isa = PBXGroup;
			children = (
				5D14A699198142430072CEE9 /* Info.plist */,
				5D14A69A198142430072CEE9 /* main.m */,
			);
			name = "Supporting Files";
			sourceTree = "<group>";
		};
/* End PBXGroup section */

/* Begin PBXNativeTarget section */
		5D14A694198142430072CEE9 /* ShapeLayerPathAnimation */ = {
			isa = PBXNativeTarget;
			buildConfigurationList = 5D14A6B5198142430072CEE9 /* Build configuration list for PBXNativeTarget "ShapeLayerPathAnimation" */;
			buildPhases = (
				5D14A691198142430072CEE9 /* Sources */,
				5D14A692198142430072CEE9 /* Frameworks */,
				5D14A693198142430072CEE9 /* Resources */,
			);
			buildRules = (
			);
			dependencies = (
			);
			name = ShapeLayerPathAnimation;
			productName = ShapeLayerPathAnimation;
			productReference = 5D14A695198142430072CEE9 /* ShapeLayerPathAnimation.app */;
			productType = "com.apple.product-type.application";
		};
/* End PBXNativeTarget section */

/* Begin PBXProject section */
		5D14A68D198142430072CEE9 /* Project object */ = {
			isa = PBXProject;
			attributes = {
				LastUpgradeCheck = 0600;
				ORGANIZATIONNAME = "Ole Begemann";
				TargetAttributes = {
					5D14A694198142430072CEE9 = {
						CreatedOnToolsVersion = 6.0;
					};
				};
			};
			buildConfigurationList = 5D14A690198142430072CEE9 /* Build configuration list for PBXProject "ShapeLayerPathAnimation" */;
			compatibilityVersion = "Xcode 3.2";
			developmentRegion = English;
			hasScannedForEncodings = 0;
			knownRegions = (
				en,
				Base,
			);
			mainGroup = 5D14A68C198142430072CEE9;
			productRefGroup = 5D14A696198142430072CEE9 /* Products */;
			projectDirPath = "";
			projectRoot = "";
			targets = (
				5D14A694198142430072CEE9 /* ShapeLayerPathAnimation */,
			);
		};
/* End PBXProject section */

/* Begin PBXResourcesBuildPhase section */
		5D14A693198142430072CEE9 /* Resources */ = {
			isa = PBXResourcesBuildPhase;
			buildActionMask = 2147483647;
			files = (
				5D14A6A4198142430072CEE9 /* Main.storyboard in Resources */,
				5D14A6A6198142430072CEE9 /* Images.xcassets in Resources */,
			);
			runOnlyForDeploymentPostprocessing = 0;
		};
/* End PBXResourcesBuildPhase section */

/* Begin PBXSourcesBuildPhase section */
		5D14A691198142430072CEE9 /* Sources */ = {
			isa = PBXSourcesBuildPhase;
			buildActionMask = 2147483647;
			files = (
				5D14A6A1198142430072CEE9 /* ViewController.m in Sources */,
				5D14A69E198142430072CEE9 /* AppDelegate.m in Sources */,
				5D14A6C0198142830072CEE9 /* CustomShapeLayer.m in Sources */,
				5D14A69B198142430072CEE9 /* main.m in Sources */,
				5D14A6BD198142750072CEE9 /* CustomShapeView.m in Sources */,
			);
			runOnlyForDeploymentPostprocessing = 0;
		};
/* End PBXSourcesBuildPhase section */

/* Begin PBXVariantGroup section */
		5D14A6A2198142430072CEE9 /* Main.storyboard */ = {
			isa = PBXVariantGroup;
			children = (
				5D14A6A3198142430072CEE9 /* Base */,
			);
			name = Main.storyboard;
			sourceTree = "<group>";
		};
/* End PBXVariantGroup section */

/* Begin XCBuildConfiguration section */
		5D14A6B3198142430072CEE9 /* Debug */ = {
			isa = XCBuildConfiguration;
			buildSettings = {
				ALWAYS_SEARCH_USER_PATHS = NO;
				CLANG_CXX_LANGUAGE_STANDARD = "gnu++0x";
				CLANG_CXX_LIBRARY = "libc++";
				CLANG_ENABLE_MODULES = YES;
				CLANG_ENABLE_OBJC_ARC = YES;
				CLANG_WARN_BOOL_CONVERSION = YES;
				CLANG_WARN_CONSTANT_CONVERSION = YES;
				CLANG_WARN_DIRECT_OBJC_ISA_USAGE = YES_ERROR;
				CLANG_WARN_EMPTY_BODY = YES;
				CLANG_WARN_ENUM_CONVERSION = YES;
				CLANG_WARN_INT_CONVERSION = YES;
				CLANG_WARN_OBJC_ROOT_CLASS = YES_ERROR;
				CLANG_WARN_UNREACHABLE_CODE = YES;
				CLANG_WARN__DUPLICATE_METHOD_MATCH = YES;
				"CODE_SIGN_IDENTITY[sdk=iphoneos*]" = "iPhone Developer";
				COPY_PHASE_STRIP = NO;
				ENABLE_STRICT_OBJC_MSGSEND = YES;
				GCC_C_LANGUAGE_STANDARD = gnu99;
				GCC_DYNAMIC_NO_PIC = NO;
				GCC_OPTIMIZATION_LEVEL = 0;
				GCC_PREPROCESSOR_DEFINITIONS = (
					"DEBUG=1",
					"$(inherited)",
				);
				GCC_SYMBOLS_PRIVATE_EXTERN = NO;
				GCC_WARN_64_TO_32_BIT_CONVERSION = YES;
				GCC_WARN_ABOUT_RETURN_TYPE = YES_ERROR;
				GCC_WARN_UNDECLARED_SELECTOR = YES;
				GCC_WARN_UNINITIALIZED_AUTOS = YES_AGGRESSIVE;
				GCC_WARN_UNUSED_FUNCTION = YES;
				GCC_WARN_UNUSED_VARIABLE = YES;
				IPHONEOS_DEPLOYMENT_TARGET = 8.0;
				MTL_ENABLE_DEBUG_INFO = YES;
				ONLY_ACTIVE_ARCH = YES;
				SDKROOT = iphoneos;
			};
			name = Debug;
		};
		5D14A6B4198142430072CEE9 /* Release */ = {
			isa = XCBuildConfiguration;
			buildSettings = {
				ALWAYS_SEARCH_USER_PATHS = NO;
				CLANG_CXX_LANGUAGE_STANDARD = "gnu++0x";
				CLANG_CXX_LIBRARY = "libc++";
				CLANG_ENABLE_MODULES = YES;
				CLANG_ENABLE_OBJC_ARC = YES;
				CLANG_WARN_BOOL_CONVERSION = YES;
				CLANG_WARN_CONSTANT_CONVERSION = YES;
				CLANG_WARN_DIRECT_OBJC_ISA_USAGE = YES_ERROR;
				CLANG_WARN_EMPTY_BODY = YES;
				CLANG_WARN_ENUM_CONVERSION = YES;
				CLANG_WARN_INT_CONVERSION = YES;
				CLANG_WARN_OBJC_ROOT_CLASS = YES_ERROR;
				CLANG_WARN_UNREACHABLE_CODE = YES;
				CLANG_WARN__DUPLICATE_METHOD_MATCH = YES;
				"CODE_SIGN_IDENTITY[sdk=iphoneos*]" = "iPhone Developer";
				COPY_PHASE_STRIP = YES;
				ENABLE_NS_ASSERTIONS = NO;
				ENABLE_STRICT_OBJC_MSGSEND = YES;
				GCC_C_LANGUAGE_STANDARD = gnu99;
				GCC_WARN_64_TO_32_BIT_CONVERSION = YES;
				GCC_WARN_ABOUT_RETURN_TYPE = YES_ERROR;
				GCC_WARN_UNDECLARED_SELECTOR = YES;
				GCC_WARN_UNINITIALIZED_AUTOS = YES_AGGRESSIVE;
				GCC_WARN_UNUSED_FUNCTION = YES;
				GCC_WARN_UNUSED_VARIABLE = YES;
				IPHONEOS_DEPLOYMENT_TARGET = 8.0;
				MTL_ENABLE_DEBUG_INFO = NO;
				SDKROOT = iphoneos;
				VALIDATE_PRODUCT = YES;
			};
			name = Release;
		};
		5D14A6B6198142430072CEE9 /* Debug */ = {
			isa = XCBuildConfiguration;
			buildSettings = {
				ASSETCATALOG_COMPILER_APPICON_NAME = AppIcon;
				ASSETCATALOG_COMPILER_LAUNCHIMAGE_NAME = LaunchImage;
				INFOPLIST_FILE = ShapeLayerPathAnimation/Info.plist;
				IPHONEOS_DEPLOYMENT_TARGET = 7.1;
				LD_RUNPATH_SEARCH_PATHS = "$(inherited) @executable_path/Frameworks";
				PRODUCT_NAME = "$(TARGET_NAME)";
			};
			name = Debug;
		};
		5D14A6B7198142430072CEE9 /* Release */ = {
			isa = XCBuildConfiguration;
			buildSettings = {
				ASSETCATALOG_COMPILER_APPICON_NAME = AppIcon;
				ASSETCATALOG_COMPILER_LAUNCHIMAGE_NAME = LaunchImage;
				INFOPLIST_FILE = ShapeLayerPathAnimation/Info.plist;
				IPHONEOS_DEPLOYMENT_TARGET = 7.1;
				LD_RUNPATH_SEARCH_PATHS = "$(inherited) @executable_path/Frameworks";
				PRODUCT_NAME = "$(TARGET_NAME)";
			};
			name = Release;
		};
/* End XCBuildConfiguration section */

/* Begin XCConfigurationList section */
		5D14A690198142430072CEE9 /* Build configuration list for PBXProject "ShapeLayerPathAnimation" */ = {
			isa = XCConfigurationList;
			buildConfigurations = (
				5D14A6B3198142430072CEE9 /* Debug */,
				5D14A6B4198142430072CEE9 /* Release */,
			);
			defaultConfigurationIsVisible = 0;
			defaultConfigurationName = Release;
		};
		5D14A6B5198142430072CEE9 /* Build configuration list for PBXNativeTarget "ShapeLayerPathAnimation" */ = {
			isa = XCConfigurationList;
			buildConfigurations = (
				5D14A6B6198142430072CEE9 /* Debug */,
				5D14A6B7198142430072CEE9 /* Release */,
			);
			defaultConfigurationIsVisible = 0;
			defaultConfigurationName = Release;
		};
/* End XCConfigurationList section */
	};
	rootObject = 5D14A68D198142430072CEE9 /* Project object */;
}
